<?xml version="1.0" encoding="utf-8"?>
<Project ToolsVersion="17.0" xmlns="http://schemas.microsoft.com/developer/msbuild/2003">
  <ItemGroup>
    <ClCompile Include="C:\Users\29402\Desktop\SUNPACK\smart_unpacker-2\native\sevenzip_password_tester\src\internal\archive_extract.cpp">
      <Filter>Source Files</Filter>
    </ClCompile>
    <ClCompile Include="C:\Users\29402\Desktop\SUNPACK\smart_unpacker-2\native\sevenzip_password_tester\src\internal\archive_crc_manifest.cpp">
      <Filter>Source Files</Filter>
    </ClCompile>
    <ClCompile Include="C:\Users\29402\Desktop\SUNPACK\smart_unpacker-2\native\sevenzip_password_tester\src\internal\archive_health.cpp">
      <Filter>Source Files</Filter>
    </ClCompile>
    <ClCompile Include="C:\Users\29402\Desktop\SUNPACK\smart_unpacker-2\native\sevenzip_password_tester\src\internal\archive_open_plan.cpp">
      <Filter>Source Files</Filter>
    </ClCompile>
    <ClCompile Include="C:\Users\29402\Desktop\SUNPACK\smart_unpacker-2\native\sevenzip_password_tester\src\internal\archive_resources.cpp">
      <Filter>Source Files</Filter>
    </ClCompile>
    <ClCompile Include="C:\Users\29402\Desktop\SUNPACK\smart_unpacker-2\native\sevenzip_password_tester\src\internal\embedded_7z.cpp">
      <Filter>Source Files</Filter>
    </ClCompile>
    <ClCompile Include="C:\Users\29402\Desktop\SUNPACK\smart_unpacker-2\native\sevenzip_password_tester\src\internal\operation_dispatch.cpp">
      <Filter>Source Files</Filter>
    </ClCompile>
    <ClCompile Include="C:\Users\29402\Desktop\SUNPACK\smart_unpacker-2\native\sevenzip_password_tester\src\internal\password_testing.cpp">
      <Filter>Source Files</Filter>
    </ClCompile>
    <ClCompile Include="C:\Users\29402\Desktop\SUNPACK\smart_unpacker-2\native\sevenzip_password_tester\src\internal\sevenzip_engine.cpp">
      <Filter>Source Files</Filter>
    </ClCompile>
    <ClCompile Include="C:\Users\29402\Desktop\SUNPACK\smart_unpacker-2\native\sevenzip_password_tester\src\internal\sevenzip_formats.cpp">
      <Filter>Source Files</Filter>
    </ClCompile>
    <ClCompile Include="C:\Users\29402\Desktop\SUNPACK\smart_unpacker-2\native\sevenzip_password_tester\src\internal\sevenzip_paths.cpp">
      <Filter>Source Files</Filter>
    </ClCompile>
    <ClCompile Include="C:\Users\29402\Desktop\SUNPACK\smart_unpacker-2\native\sevenzip_password_tester\src\internal\sevenzip_properties.cpp">
      <Filter>Source Files</Filter>
    </ClCompile>
    <ClCompile Include="C:\Users\29402\Desktop\SUNPACK\smart_unpacker-2\native\sevenzip_password_tester\src\internal\sevenzip_sdk.cpp">
      <Filter>Source Files</Filter>
    </ClCompile>
    <ClCompile Include="C:\Users\29402\Desktop\SUNPACK\smart_unpacker-2\native\sevenzip_password_tester\src\internal\sevenzip_status.cpp">
      <Filter>Source Files</Filter>
    </ClCompile>
    <ClCompile Include="C:\Users\29402\Desktop\SUNPACK\smart_unpacker-2\native\sevenzip_password_tester\src\internal\sevenzip_streams.cpp">
      <Filter>Source Files</Filter>
    </ClCompile>
    <ClCompile Include="C:\Users\29402\Desktop\SUNPACK\smart_unpacker-2\native\sevenzip_password_tester\src\internal\strict_archive_validation.cpp">
      <Filter>Source Files</Filter>
    </ClCompile>
  </ItemGroup>
  <ItemGroup>
    <CustomBuild Include="C:\Users\29402\Desktop\SUNPACK\smart_unpacker-2\native\sevenzip_password_tester\CMakeLists.txt" />
  </ItemGroup>
  <ItemGroup>
    <Filter Include="Source Files">
      <UniqueIdentifier>{89D831DA-FA9F-31B3-80B1-703D4138BD67}</UniqueIdentifier>
    </Filter>
  </ItemGroup>
</Project>
